
Microsoft Visual Studio Solution File, Format Version 12.00
# Visual Studio Version 16
VisualStudioVersion = 16.0.31729.503
MinimumVisualStudioVersion = 10.0.40219.1
Project("{FAE04EC0-301F-11D3-BF4B-00C04F79EFBC}") = "Desafio_1", "Desafio_1\Desafio_1.csproj", "{43093085-AB54-4B6D-9041-DACD0FE813F9}"
EndProject
Global
	GlobalSection(SolutionConfigurationPlatforms) = preSolution
		Debug|Any CPU = Debug|Any CPU
		Release|Any CPU = Release|Any CPU
	EndGlobalSection
	GlobalSection(ProjectConfigurationPlatforms) = postSolution
		{43093085-AB54-4B6D-9041-DACD0FE813F9}.Debug|Any CPU.ActiveCfg = Debug|Any CPU
		{43093085-AB54-4B6D-9041-DACD0FE813F9}.Debug|Any CPU.Build.0 = Debug|Any CPU
		{43093085-AB54-4B6D-9041-DACD0FE813F9}.Release|Any CPU.ActiveCfg = Release|Any CPU
		{43093085-AB54-4B6D-9041-DACD0FE813F9}.Release|Any CPU.Build.0 = Release|Any CPU
	EndGlobalSection
	GlobalSection(SolutionProperties) = preSolution
		HideSolutionNode = FALSE
	EndGlobalSection
	GlobalSection(ExtensibilityGlobals) = postSolution
		SolutionGuid = {C4C2FA4B-88D1-41FE-B733-4808111B50D6}
	EndGlobalSection
EndGlobal
